
Microsoft Visual Studio Solution File, Format Version 12.00
# Visual Studio 15
VisualStudioVersion = 15.0.27703.2047
MinimumVisualStudioVersion = 10.0.40219.1
Project("{FAE04EC0-301F-11D3-BF4B-00C04F79EFBC}") = "FrmTimer", "FrmTimer\FrmTimer.csproj", "{4EDA4EFB-EFC5-4AB4-ABAD-40CC41C978ED}"
EndProject
Global
	GlobalSection(SolutionConfigurationPlatforms) = preSolution
		Debug|Any CPU = Debug|Any CPU
		Release|Any CPU = Release|Any CPU
	EndGlobalSection
	GlobalSection(ProjectConfigurationPlatforms) = postSolution
		{4EDA4EFB-EFC5-4AB4-ABAD-40CC41C978ED}.Debug|Any CPU.ActiveCfg = Debug|Any CPU
		{4EDA4EFB-EFC5-4AB4-ABAD-40CC41C978ED}.Debug|Any CPU.Build.0 = Debug|Any CPU
		{4EDA4EFB-EFC5-4AB4-ABAD-40CC41C978ED}.Release|Any CPU.ActiveCfg = Release|Any CPU
		{4EDA4EFB-EFC5-4AB4-ABAD-40CC41C978ED}.Release|Any CPU.Build.0 = Release|Any CPU
	EndGlobalSection
	GlobalSection(SolutionProperties) = preSolution
		HideSolutionNode = FALSE
	EndGlobalSection
	GlobalSection(ExtensibilityGlobals) = postSolution
		SolutionGuid = {209248EE-F7BA-4866-8C4E-B3A3908DC7E8}
	EndGlobalSection
EndGlobal
