
Microsoft Visual Studio Solution File, Format Version 12.00
# Visual Studio 15
VisualStudioVersion = 15.0.27703.2047
MinimumVisualStudioVersion = 10.0.40219.1
Project("{FAE04EC0-301F-11D3-BF4B-00C04F79EFBC}") = "ejercicio30", "ejercicio30\ejercicio30.csproj", "{2120493C-A74C-48E8-B64F-86F5D12CC155}"
EndProject
Global
	GlobalSection(SolutionConfigurationPlatforms) = preSolution
		Debug|Any CPU = Debug|Any CPU
		Release|Any CPU = Release|Any CPU
	EndGlobalSection
	GlobalSection(ProjectConfigurationPlatforms) = postSolution
		{2120493C-A74C-48E8-B64F-86F5D12CC155}.Debug|Any CPU.ActiveCfg = Debug|Any CPU
		{2120493C-A74C-48E8-B64F-86F5D12CC155}.Debug|Any CPU.Build.0 = Debug|Any CPU
		{2120493C-A74C-48E8-B64F-86F5D12CC155}.Release|Any CPU.ActiveCfg = Release|Any CPU
		{2120493C-A74C-48E8-B64F-86F5D12CC155}.Release|Any CPU.Build.0 = Release|Any CPU
	EndGlobalSection
	GlobalSection(SolutionProperties) = preSolution
		HideSolutionNode = FALSE
	EndGlobalSection
	GlobalSection(ExtensibilityGlobals) = postSolution
		SolutionGuid = {815D8A08-F1B9-4262-9092-363F9A7CFB7A}
	EndGlobalSection
EndGlobal
