
Microsoft Visual Studio Solution File, Format Version 12.00
# Visual Studio Version 16
VisualStudioVersion = 16.0.29306.81
MinimumVisualStudioVersion = 10.0.40219.1
Project("{FAE04EC0-301F-11D3-BF4B-00C04F79EFBC}") = "Ejercicio38", "Ejercicio38\Ejercicio38.csproj", "{2C1B8BB2-6AF8-4B84-8B2B-58B1EABC74CA}"
EndProject
Global
	GlobalSection(SolutionConfigurationPlatforms) = preSolution
		Debug|Any CPU = Debug|Any CPU
		Release|Any CPU = Release|Any CPU
	EndGlobalSection
	GlobalSection(ProjectConfigurationPlatforms) = postSolution
		{2C1B8BB2-6AF8-4B84-8B2B-58B1EABC74CA}.Debug|Any CPU.ActiveCfg = Debug|Any CPU
		{2C1B8BB2-6AF8-4B84-8B2B-58B1EABC74CA}.Debug|Any CPU.Build.0 = Debug|Any CPU
		{2C1B8BB2-6AF8-4B84-8B2B-58B1EABC74CA}.Release|Any CPU.ActiveCfg = Release|Any CPU
		{2C1B8BB2-6AF8-4B84-8B2B-58B1EABC74CA}.Release|Any CPU.Build.0 = Release|Any CPU
	EndGlobalSection
	GlobalSection(SolutionProperties) = preSolution
		HideSolutionNode = FALSE
	EndGlobalSection
	GlobalSection(ExtensibilityGlobals) = postSolution
		SolutionGuid = {86970BD5-6450-46B9-B55F-4991653C40C2}
	EndGlobalSection
EndGlobal
